
Microsoft Visual Studio Solution File, Format Version 12.00
# Visual Studio Version 17
VisualStudioVersion = 17.14.36518.9 d17.14
MinimumVisualStudioVersion = 10.0.40219.1
Project("{FAE04EC0-301F-11D3-BF4B-00C04F79EFBC}") = "STD_Database.IntegrationTests", "STD_Database.IntegrationTests.csproj", "{B91A43C0-E908-1516-EAAB-F5A6657AD33C}"
EndProject
Global
	GlobalSection(SolutionConfigurationPlatforms) = preSolution
		Debug|Any CPU = Debug|Any CPU
		Release|Any CPU = Release|Any CPU
	EndGlobalSection
	GlobalSection(ProjectConfigurationPlatforms) = postSolution
		{B91A43C0-E908-1516-EAAB-F5A6657AD33C}.Debug|Any CPU.ActiveCfg = Debug|Any CPU
		{B91A43C0-E908-1516-EAAB-F5A6657AD33C}.Debug|Any CPU.Build.0 = Debug|Any CPU
		{B91A43C0-E908-1516-EAAB-F5A6657AD33C}.Release|Any CPU.ActiveCfg = Release|Any CPU
		{B91A43C0-E908-1516-EAAB-F5A6657AD33C}.Release|Any CPU.Build.0 = Release|Any CPU
	EndGlobalSection
	GlobalSection(SolutionProperties) = preSolution
		HideSolutionNode = FALSE
	EndGlobalSection
	GlobalSection(ExtensibilityGlobals) = postSolution
		SolutionGuid = {501A2A6D-7A1E-402E-A3E0-33D6EECCA690}
	EndGlobalSection
EndGlobal
